
Microsoft Visual Studio Solution File, Format Version 12.00
# Visual Studio Version 18
VisualStudioVersion = 18.3.11520.95
MinimumVisualStudioVersion = 10.0.40219.1
Project("{FAE04EC0-301F-11D3-BF4B-00C04F79EFBC}") = "Zapic.PowerToys.TOTP.Core", "Zapic.Powertoys.TOTP.Core\Zapic.PowerToys.TOTP.Core.csproj", "{C1552C33-39B0-EE84-9D56-65269FE33F9B}"
EndProject
Project("{FAE04EC0-301F-11D3-BF4B-00C04F79EFBC}") = "Community.PowerToys.Run.Plugin.TOTP", "Community.PowerToys.Run.Plugin.TOTP\Community.PowerToys.Run.Plugin.TOTP.csproj", "{1EFF159E-58C6-35B3-5AA9-20AABF479CAC}"
EndProject
Project("{FAE04EC0-301F-11D3-BF4B-00C04F79EFBC}") = "Community.PowerToys.CmdPal.Plugin.TOTP", "Community.PowerToys.CmdPal.Plugin.TOTP\Community.PowerToys.CmdPal.Plugin.TOTP.csproj", "{43074C85-CF26-1244-F645-6EF1C7D226E6}"
EndProject
Global
	GlobalSection(SolutionConfigurationPlatforms) = preSolution
		Debug|ARM64 = Debug|ARM64
		Debug|x64 = Debug|x64
		Release|ARM64 = Release|ARM64
		Release|x64 = Release|x64
	EndGlobalSection
	GlobalSection(ProjectConfigurationPlatforms) = postSolution
		{C1552C33-39B0-EE84-9D56-65269FE33F9B}.Debug|ARM64.ActiveCfg = Debug|Any CPU
		{C1552C33-39B0-EE84-9D56-65269FE33F9B}.Debug|ARM64.Build.0 = Debug|Any CPU
		{C1552C33-39B0-EE84-9D56-65269FE33F9B}.Debug|x64.ActiveCfg = Debug|Any CPU
		{C1552C33-39B0-EE84-9D56-65269FE33F9B}.Debug|x64.Build.0 = Debug|Any CPU
		{C1552C33-39B0-EE84-9D56-65269FE33F9B}.Release|ARM64.ActiveCfg = Release|Any CPU
		{C1552C33-39B0-EE84-9D56-65269FE33F9B}.Release|ARM64.Build.0 = Release|Any CPU
		{C1552C33-39B0-EE84-9D56-65269FE33F9B}.Release|x64.ActiveCfg = Release|Any CPU
		{C1552C33-39B0-EE84-9D56-65269FE33F9B}.Release|x64.Build.0 = Release|Any CPU
		{1EFF159E-58C6-35B3-5AA9-20AABF479CAC}.Debug|ARM64.ActiveCfg = Debug|ARM64
		{1EFF159E-58C6-35B3-5AA9-20AABF479CAC}.Debug|ARM64.Build.0 = Debug|ARM64
		{1EFF159E-58C6-35B3-5AA9-20AABF479CAC}.Debug|x64.ActiveCfg = Debug|x64
		{1EFF159E-58C6-35B3-5AA9-20AABF479CAC}.Debug|x64.Build.0 = Debug|x64
		{1EFF159E-58C6-35B3-5AA9-20AABF479CAC}.Release|ARM64.ActiveCfg = Release|ARM64
		{1EFF159E-58C6-35B3-5AA9-20AABF479CAC}.Release|ARM64.Build.0 = Release|ARM64
		{1EFF159E-58C6-35B3-5AA9-20AABF479CAC}.Release|x64.ActiveCfg = Release|x64
		{1EFF159E-58C6-35B3-5AA9-20AABF479CAC}.Release|x64.Build.0 = Release|x64
		{43074C85-CF26-1244-F645-6EF1C7D226E6}.Debug|ARM64.ActiveCfg = Debug|ARM64
		{43074C85-CF26-1244-F645-6EF1C7D226E6}.Debug|ARM64.Build.0 = Debug|ARM64
		{43074C85-CF26-1244-F645-6EF1C7D226E6}.Debug|ARM64.Deploy.0 = Debug|ARM64
		{43074C85-CF26-1244-F645-6EF1C7D226E6}.Debug|x64.ActiveCfg = Debug|x64
		{43074C85-CF26-1244-F645-6EF1C7D226E6}.Debug|x64.Build.0 = Debug|x64
		{43074C85-CF26-1244-F645-6EF1C7D226E6}.Debug|x64.Deploy.0 = Debug|x64
		{43074C85-CF26-1244-F645-6EF1C7D226E6}.Release|ARM64.ActiveCfg = Release|ARM64
		{43074C85-CF26-1244-F645-6EF1C7D226E6}.Release|ARM64.Build.0 = Release|ARM64
		{43074C85-CF26-1244-F645-6EF1C7D226E6}.Release|ARM64.Deploy.0 = Release|ARM64
		{43074C85-CF26-1244-F645-6EF1C7D226E6}.Release|x64.ActiveCfg = Release|x64
		{43074C85-CF26-1244-F645-6EF1C7D226E6}.Release|x64.Build.0 = Release|x64
		{43074C85-CF26-1244-F645-6EF1C7D226E6}.Release|x64.Deploy.0 = Release|x64
	EndGlobalSection
	GlobalSection(SolutionProperties) = preSolution
		HideSolutionNode = FALSE
	EndGlobalSection
	GlobalSection(ExtensibilityGlobals) = postSolution
		SolutionGuid = {C8AFFE90-AE9D-4122-A898-24C41CD5095F}
	EndGlobalSection
EndGlobal
