{
  "version": 1,
  "dependencies": {
    "net6.0-windows7.0": {
      "Genesis.QRCodeLib": {
        "type": "Direct",
        "requested": "[1.0.0, )",
        "resolved": "1.0.0",
        "contentHash": "vRgZTET1OYfAH+zFS43OFs9JjrEt/2ZhuCExRQXTTw3Prdc4D9UC4PZqDP09h3Y1nMLtX5w9dXPJ6HRGCFOyZw==",
        "dependencies": {
          "System.Drawing.Common": "4.5.1"
        }
      },
      "ILRepack.Lib.MSBuild.Task": {
        "type": "Direct",
        "requested": "[2.0.44.2, )",
        "resolved": "2.0.44.2",
        "contentHash": "53H6rOrVGPDBUU0GqEHefptus3ER34szVsVv1WfKr3Dh666ha5s0Eui9znxTztHaudWlSEUb6hJSGg4cA+wn2g=="
      },
      "Ookii.Dialogs.WinForms": {
        "type": "Direct",
        "requested": "[4.0.0, )",
        "resolved": "4.0.0",
        "contentHash": "iBWCO5C3vc8uxDzCrZs4dtCK/MQOFG4qrcJxBRO+hHQ39SqnNhMWE/kxhCLa/D5Pxud9t+2bkC6kIanPn57VGA==",
        "dependencies": {
          "System.Resources.Extensions": "6.0.0"
        }
      },
      "Google.Protobuf": {
        "type": "Transitive",
        "resolved": "3.34.1",
        "contentHash": "212vdYxRuVopGE5bess6Jg5oXWyizA6hcLPTI7G+qA4PthQEvfeof3njT+7VSY5v/+O0P22xTydiP5fSJJpGEA=="
      },
      "Microsoft.NETCore.Platforms": {
        "type": "Transitive",
        "resolved": "2.0.0",
        "contentHash": "VdLJOCXhZaEMY7Hm2GKiULmn7IEPFE4XC5LPSfBVCUIA8YLZVh846gtfBJalsPQF2PlzdD7ecX7DZEulJ402ZQ=="
      },
      "Microsoft.Win32.SystemEvents": {
        "type": "Transitive",
        "resolved": "4.5.0",
        "contentHash": "LuI1oG+24TUj1ZRQQjM5Ew73BKnZE5NZ/7eAdh1o8ST5dPhUnJvIkiIn2re3MwnkRy6ELRnvEbBxHP8uALKhJw==",
        "dependencies": {
          "Microsoft.NETCore.Platforms": "2.0.0"
        }
      },
      "Otp.NET": {
        "type": "Transitive",
        "resolved": "1.4.1",
        "contentHash": "UXjZ80T6BfVACJWmEcz4UFZ93hwX3STKojKvVpPk3qUhubjnLwIiZMsI4Hh91HhYxC0JlatNdNrVK2wkv4O9/Q=="
      },
      "System.Drawing.Common": {
        "type": "Transitive",
        "resolved": "4.5.1",
        "contentHash": "GiyeGi/v4xYDz1vCNFwFvhz9k1XddOG7VD3jxRqzRBCbTHji+s3HxxbxtoymuK4OadEpgotI8zQ5+GEEH9sUEQ==",
        "dependencies": {
          "Microsoft.NETCore.Platforms": "2.0.0",
          "Microsoft.Win32.SystemEvents": "4.5.0"
        }
      },
      "System.Resources.Extensions": {
        "type": "Transitive",
        "resolved": "6.0.0",
        "contentHash": "pBnVzNQYd0OHqh0VLu/hi0zFOTtyF8QwtziQBmzX/ZtVOea4+JEVOGu29DHeSOA0a9SFrYjQorBrOLuKLhcMNQ=="
      },
      "zapic.powertoys.totp.core": {
        "type": "Project",
        "dependencies": {
          "Google.Protobuf": "[3.34.1, )",
          "Otp.NET": "[1.4.1, )"
        }
      }
    }
  }
}