{
  "version": 1,
  "dependencies": {
    "net9.0-windows10.0.22621": {
      "Genesis.QRCodeLib": {
        "type": "Direct",
        "requested": "[1.0.0, )",
        "resolved": "1.0.0",
        "contentHash": "vRgZTET1OYfAH+zFS43OFs9JjrEt/2ZhuCExRQXTTw3Prdc4D9UC4PZqDP09h3Y1nMLtX5w9dXPJ6HRGCFOyZw==",
        "dependencies": {
          "System.Drawing.Common": "4.5.1"
        }
      },
      "Microsoft.CommandPalette.Extensions": {
        "type": "Direct",
        "requested": "[0.9.260303001, )",
        "resolved": "0.9.260303001",
        "contentHash": "D7nGAJBkgd9dMUDHvaj19wdqsvV//oHZR94RDMoHa2WD1u7C9TYtgR2yxT+MDJ5CQMtOs1VRLL9pEFqiQXvuFA==",
        "dependencies": {
          "Microsoft.Windows.CsWinRT": "2.2.0"
        }
      },
      "Microsoft.NET.ILLink.Tasks": {
        "type": "Direct",
        "requested": "[9.0.14, )",
        "resolved": "9.0.14",
        "contentHash": "+MeWjj5sGq6Oj/l0E9RPMgXDyCIPxczzCbGuvuVTZFEGiy2S/atsfoAoKUnkEin/GeGpN+HenCzRmiQKSc99eQ=="
      },
      "Microsoft.Windows.CsWinRT": {
        "type": "Direct",
        "requested": "[2.2.0, )",
        "resolved": "2.2.0",
        "contentHash": "R8MDVawukHrKgYCFgYaoLfbAna/FrImEFRxDK9k8ITbrXv3KLE5uN6tRqrNV83H4MFdqJ/uiA/hg1cSsXkl0vw=="
      },
      "Microsoft.Windows.SDK.BuildTools.MSIX": {
        "type": "Direct",
        "requested": "[1.7.260316102, )",
        "resolved": "1.7.260316102",
        "contentHash": "J2iwBO2M0U86dwhI+qFRaYJnotqPpq70r3tECxedGqkOgVAau57W6jqv0ikibNUyfK5jEHKeicnnQ09ZgcKalw=="
      },
      "Shmuelie.WinRTServer": {
        "type": "Direct",
        "requested": "[2.2.1, )",
        "resolved": "2.2.1",
        "contentHash": "Nt+t3cMga8YWXToaTw//CGjO9mTQORc+qSKyrVXZAhnyUWiZ7flhFBTWI1igp+2o2PYl5CCNHYfz9JI4F25GPA=="
      },
      "ToolGood.Words.Pinyin": {
        "type": "Direct",
        "requested": "[3.1.0.4, )",
        "resolved": "3.1.0.4",
        "contentHash": "QG51dprs+F9FWNoqCAgyBC/IV+sLFv7sNgQvAu7kbLp4IClnPdHTiX/K+4xo+Ippv6szabixTEBfFkvKSLs5Mw=="
      },
      "Google.Protobuf": {
        "type": "Transitive",
        "resolved": "3.34.1",
        "contentHash": "212vdYxRuVopGE5bess6Jg5oXWyizA6hcLPTI7G+qA4PthQEvfeof3njT+7VSY5v/+O0P22xTydiP5fSJJpGEA=="
      },
      "Microsoft.NETCore.Platforms": {
        "type": "Transitive",
        "resolved": "2.0.0",
        "contentHash": "VdLJOCXhZaEMY7Hm2GKiULmn7IEPFE4XC5LPSfBVCUIA8YLZVh846gtfBJalsPQF2PlzdD7ecX7DZEulJ402ZQ=="
      },
      "Microsoft.Win32.SystemEvents": {
        "type": "Transitive",
        "resolved": "4.5.0",
        "contentHash": "LuI1oG+24TUj1ZRQQjM5Ew73BKnZE5NZ/7eAdh1o8ST5dPhUnJvIkiIn2re3MwnkRy6ELRnvEbBxHP8uALKhJw==",
        "dependencies": {
          "Microsoft.NETCore.Platforms": "2.0.0"
        }
      },
      "Otp.NET": {
        "type": "Transitive",
        "resolved": "1.4.1",
        "contentHash": "UXjZ80T6BfVACJWmEcz4UFZ93hwX3STKojKvVpPk3qUhubjnLwIiZMsI4Hh91HhYxC0JlatNdNrVK2wkv4O9/Q=="
      },
      "System.Drawing.Common": {
        "type": "Transitive",
        "resolved": "4.5.1",
        "contentHash": "GiyeGi/v4xYDz1vCNFwFvhz9k1XddOG7VD3jxRqzRBCbTHji+s3HxxbxtoymuK4OadEpgotI8zQ5+GEEH9sUEQ==",
        "dependencies": {
          "Microsoft.NETCore.Platforms": "2.0.0",
          "Microsoft.Win32.SystemEvents": "4.5.0"
        }
      },
      "zapic.powertoys.totp.core": {
        "type": "Project",
        "dependencies": {
          "Google.Protobuf": "[3.34.1, )",
          "Otp.NET": "[1.4.1, )"
        }
      }
    },
    "net9.0-windows10.0.22621/win-arm64": {
      "Microsoft.CommandPalette.Extensions": {
        "type": "Direct",
        "requested": "[0.9.260303001, )",
        "resolved": "0.9.260303001",
        "contentHash": "D7nGAJBkgd9dMUDHvaj19wdqsvV//oHZR94RDMoHa2WD1u7C9TYtgR2yxT+MDJ5CQMtOs1VRLL9pEFqiQXvuFA==",
        "dependencies": {
          "Microsoft.Windows.CsWinRT": "2.2.0"
        }
      },
      "Microsoft.Win32.SystemEvents": {
        "type": "Transitive",
        "resolved": "4.5.0",
        "contentHash": "LuI1oG+24TUj1ZRQQjM5Ew73BKnZE5NZ/7eAdh1o8ST5dPhUnJvIkiIn2re3MwnkRy6ELRnvEbBxHP8uALKhJw==",
        "dependencies": {
          "Microsoft.NETCore.Platforms": "2.0.0"
        }
      },
      "System.Drawing.Common": {
        "type": "Transitive",
        "resolved": "4.5.1",
        "contentHash": "GiyeGi/v4xYDz1vCNFwFvhz9k1XddOG7VD3jxRqzRBCbTHji+s3HxxbxtoymuK4OadEpgotI8zQ5+GEEH9sUEQ==",
        "dependencies": {
          "Microsoft.NETCore.Platforms": "2.0.0",
          "Microsoft.Win32.SystemEvents": "4.5.0"
        }
      }
    },
    "net9.0-windows10.0.22621/win-x64": {
      "Microsoft.CommandPalette.Extensions": {
        "type": "Direct",
        "requested": "[0.9.260303001, )",
        "resolved": "0.9.260303001",
        "contentHash": "D7nGAJBkgd9dMUDHvaj19wdqsvV//oHZR94RDMoHa2WD1u7C9TYtgR2yxT+MDJ5CQMtOs1VRLL9pEFqiQXvuFA==",
        "dependencies": {
          "Microsoft.Windows.CsWinRT": "2.2.0"
        }
      },
      "Microsoft.Win32.SystemEvents": {
        "type": "Transitive",
        "resolved": "4.5.0",
        "contentHash": "LuI1oG+24TUj1ZRQQjM5Ew73BKnZE5NZ/7eAdh1o8ST5dPhUnJvIkiIn2re3MwnkRy6ELRnvEbBxHP8uALKhJw==",
        "dependencies": {
          "Microsoft.NETCore.Platforms": "2.0.0"
        }
      },
      "System.Drawing.Common": {
        "type": "Transitive",
        "resolved": "4.5.1",
        "contentHash": "GiyeGi/v4xYDz1vCNFwFvhz9k1XddOG7VD3jxRqzRBCbTHji+s3HxxbxtoymuK4OadEpgotI8zQ5+GEEH9sUEQ==",
        "dependencies": {
          "Microsoft.NETCore.Platforms": "2.0.0",
          "Microsoft.Win32.SystemEvents": "4.5.0"
        }
      }
    }
  }
}