{
  "version": 1,
  "dependencies": {
    "net9.0-windows10.0.22621": {
      "Genesis.QRCodeLib": {
        "type": "Direct",
        "requested": "[1.0.0, )",
        "resolved": "1.0.0",
        "contentHash": "vRgZTET1OYfAH+zFS43OFs9JjrEt/2ZhuCExRQXTTw3Prdc4D9UC4PZqDP09h3Y1nMLtX5w9dXPJ6HRGCFOyZw==",
        "dependencies": {
          "System.Drawing.Common": "4.5.1"
        }
      },
      "Microsoft.CommandPalette.Extensions": {
        "type": "Direct",
        "requested": "[0.9.260303001, )",
        "resolved": "0.9.260303001",
        "contentHash": "D7nGAJBkgd9dMUDHvaj19wdqsvV//oHZR94RDMoHa2WD1u7C9TYtgR2yxT+MDJ5CQMtOs1VRLL9pEFqiQXvuFA==",
        "dependencies": {
          "Microsoft.Windows.CsWinRT": "2.2.0"
        }
      },
      "Microsoft.NET.ILLink.Tasks": {
        "type": "Direct",
        "requested": "[9.0.14, )",
        "resolved": "9.0.14",
        "contentHash": "+MeWjj5sGq6Oj/l0E9RPMgXDyCIPxczzCbGuvuVTZFEGiy2S/atsfoAoKUnkEin/GeGpN+HenCzRmiQKSc99eQ=="
      },
      "Microsoft.Windows.CsWinRT": {
        "type": "Direct",
        "requested": "[2.2.0, )",
        "resolved": "2.2.0",
        "contentHash": "R8MDVawukHrKgYCFgYaoLfbAna/FrImEFRxDK9k8ITbrXv3KLE5uN6tRqrNV83H4MFdqJ/uiA/hg1cSsXkl0vw=="
      },
      "Microsoft.Windows.SDK.BuildTools.MSIX": {
        "type": "Direct",
        "requested": "[1.7.260316102, )",
        "resolved": "1.7.260316102",
        "contentHash": "J2iwBO2M0U86dwhI+qFRaYJnotqPpq70r3tECxedGqkOgVAau57W6jqv0ikibNUyfK5jEHKeicnnQ09ZgcKalw=="
      },
      "Microsoft.WindowsAppSDK": {
        "type": "Direct",
        "requested": "[1.8.260317003, )",
        "resolved": "1.8.260317003",
        "contentHash": "gJ78mbsatwWB67OPeZ6PFz0PSOttvSsp4E7Xb6/1Ls7ZIJtRrsLix4e0DGVWrE8AlQuBYJMc157gyOtQTx5TRw==",
        "dependencies": {
          "Microsoft.WindowsAppSDK.AI": "[1.8.53]",
          "Microsoft.WindowsAppSDK.Base": "[1.8.251216001]",
          "Microsoft.WindowsAppSDK.DWrite": "[1.8.25122902]",
          "Microsoft.WindowsAppSDK.Foundation": "[1.8.260222000]",
          "Microsoft.WindowsAppSDK.InteractiveExperiences": "[1.8.260125001]",
          "Microsoft.WindowsAppSDK.ML": "[1.8.2141]",
          "Microsoft.WindowsAppSDK.Runtime": "[1.8.260317003]",
          "Microsoft.WindowsAppSDK.Widgets": "[1.8.251231004]",
          "Microsoft.WindowsAppSDK.WinUI": "[1.8.260224000]"
        }
      },
      "Shmuelie.WinRTServer": {
        "type": "Direct",
        "requested": "[2.2.1, )",
        "resolved": "2.2.1",
        "contentHash": "Nt+t3cMga8YWXToaTw//CGjO9mTQORc+qSKyrVXZAhnyUWiZ7flhFBTWI1igp+2o2PYl5CCNHYfz9JI4F25GPA=="
      },
      "ToolGood.Words.Pinyin": {
        "type": "Direct",
        "requested": "[3.1.0.4, )",
        "resolved": "3.1.0.4",
        "contentHash": "QG51dprs+F9FWNoqCAgyBC/IV+sLFv7sNgQvAu7kbLp4IClnPdHTiX/K+4xo+Ippv6szabixTEBfFkvKSLs5Mw=="
      },
      "Google.Protobuf": {
        "type": "Transitive",
        "resolved": "3.34.1",
        "contentHash": "212vdYxRuVopGE5bess6Jg5oXWyizA6hcLPTI7G+qA4PthQEvfeof3njT+7VSY5v/+O0P22xTydiP5fSJJpGEA=="
      },
      "Microsoft.NETCore.Platforms": {
        "type": "Transitive",
        "resolved": "2.0.0",
        "contentHash": "VdLJOCXhZaEMY7Hm2GKiULmn7IEPFE4XC5LPSfBVCUIA8YLZVh846gtfBJalsPQF2PlzdD7ecX7DZEulJ402ZQ=="
      },
      "Microsoft.Web.WebView2": {
        "type": "Transitive",
        "resolved": "1.0.3179.45",
        "contentHash": "3pokSH5CnN0G6rGhGFo1y87inxYhNxBQ2Vdf0wlvBj99KHxQJormjDACmqRnFeUsmuNFIhWwfAL1ztq7wD5qRA=="
      },
      "Microsoft.Win32.SystemEvents": {
        "type": "Transitive",
        "resolved": "4.5.0",
        "contentHash": "LuI1oG+24TUj1ZRQQjM5Ew73BKnZE5NZ/7eAdh1o8ST5dPhUnJvIkiIn2re3MwnkRy6ELRnvEbBxHP8uALKhJw==",
        "dependencies": {
          "Microsoft.NETCore.Platforms": "2.0.0"
        }
      },
      "Microsoft.Windows.SDK.BuildTools": {
        "type": "Transitive",
        "resolved": "10.0.26100.4654",
        "contentHash": "2mgcOlj/t2RfSyyw+pVESfO+Tk1RkfQzto9Vrq42M1lUQIfQEwbi8QLha9GXWIOj+TFzeHIEJckIoF25mgiM8A=="
      },
      "Microsoft.WindowsAppSDK.AI": {
        "type": "Transitive",
        "resolved": "1.8.53",
        "contentHash": "bRzx+VwQY/OXxFJYML9riOrds7sBrCNpDG6Aok8KiH+TcdE6HnWjNzxJBDe/dQRTXQO5OQa9I7LNjN8NAZ1fjg==",
        "dependencies": {
          "Microsoft.WindowsAppSDK.Base": "1.8.251216001",
          "Microsoft.WindowsAppSDK.Foundation": "1.8.260222000"
        }
      },
      "Microsoft.WindowsAppSDK.Base": {
        "type": "Transitive",
        "resolved": "1.8.251216001",
        "contentHash": "PS1wriuFknz3W2F2P/e6RvOTM35w89Lsj/f0QmUEPrJjKnc+jM0JLX1vfdytI14y1gNRUTm9uclwP0aH/SVU5w==",
        "dependencies": {
          "Microsoft.Windows.SDK.BuildTools": "10.0.26100.4654",
          "Microsoft.Windows.SDK.BuildTools.MSIX": "1.7.20250829.1"
        }
      },
      "Microsoft.WindowsAppSDK.DWrite": {
        "type": "Transitive",
        "resolved": "1.8.25122902",
        "contentHash": "zFNn07i7Cyz62Y8FnPQAyzeZK7ww3m9t42i9pzy4C04pNbyUDQ4fG7pB6VSh6n4EyFuYtuFQuDzt4mKmXFrkrg==",
        "dependencies": {
          "Microsoft.WindowsAppSDK.Base": "1.8.251216001"
        }
      },
      "Microsoft.WindowsAppSDK.Foundation": {
        "type": "Transitive",
        "resolved": "1.8.260222000",
        "contentHash": "6YkttVINPZJU1wN2Mp3W9jStVxtStfZ/i/VJfRnGd+vIpBTDyNPdG4xV3Vj6Kcn4VU72fKJFhNHg6nR5t8nqEg==",
        "dependencies": {
          "Microsoft.WindowsAppSDK.Base": "1.8.251216001",
          "Microsoft.WindowsAppSDK.InteractiveExperiences": "1.8.260125001"
        }
      },
      "Microsoft.WindowsAppSDK.InteractiveExperiences": {
        "type": "Transitive",
        "resolved": "1.8.260125001",
        "contentHash": "CTGFd1zhIDbnOltZ6piPvpNXFR1OaNyW3vHvhaILzpGziAgj5DPuVnU3PUp1p5iOBd382FLCBVM6nEPyu/LCOA==",
        "dependencies": {
          "Microsoft.WindowsAppSDK.Base": "1.8.251216001"
        }
      },
      "Microsoft.WindowsAppSDK.ML": {
        "type": "Transitive",
        "resolved": "1.8.2141",
        "contentHash": "A707h4Fg0Z4y5lWOJMacWUNQxZ01Iceat2iS8cMggLj4pe/NmbtehBQAgvaVKbsHN8V4F+SlJL+c7fAjXJjWJQ==",
        "dependencies": {
          "Microsoft.WindowsAppSDK.Base": "1.8.251216001",
          "Microsoft.WindowsAppSDK.Foundation": "1.8.260222000",
          "System.Numerics.Tensors": "9.0.0"
        }
      },
      "Microsoft.WindowsAppSDK.Runtime": {
        "type": "Transitive",
        "resolved": "1.8.260317003",
        "contentHash": "sLhPQoFHywDZLMvLTzjErOMvZJkRtzYRW0vQhumT9UqZI700sygbmnbuyCkjyvrmEnsNB9iVAiYbKf93OVBWXA==",
        "dependencies": {
          "Microsoft.WindowsAppSDK.Base": "1.8.251216001"
        }
      },
      "Microsoft.WindowsAppSDK.Widgets": {
        "type": "Transitive",
        "resolved": "1.8.251231004",
        "contentHash": "bIWqQYR8DCoB1SoPOMil5AtgtkTn438wJTdpsHgyO/6o7Eh7PMP5BzrR0KbDsFqy+4LhPWQ4vtwko5k93fECcA==",
        "dependencies": {
          "Microsoft.WindowsAppSDK.Base": "1.8.251216001"
        }
      },
      "Microsoft.WindowsAppSDK.WinUI": {
        "type": "Transitive",
        "resolved": "1.8.260224000",
        "contentHash": "w3k3qK6gvJU0RgkP6gQUgvgUbuYvLP4OeQA+0Vrx+4mJtwCB+6D9LOhzFNVVq3y0yrW5eoPT4xeDQALTbpe2Sw==",
        "dependencies": {
          "Microsoft.Web.WebView2": "1.0.3179.45",
          "Microsoft.WindowsAppSDK.Base": "1.8.251216001",
          "Microsoft.WindowsAppSDK.Foundation": "1.8.260222000",
          "Microsoft.WindowsAppSDK.InteractiveExperiences": "1.8.260125001"
        }
      },
      "Otp.NET": {
        "type": "Transitive",
        "resolved": "1.4.1",
        "contentHash": "UXjZ80T6BfVACJWmEcz4UFZ93hwX3STKojKvVpPk3qUhubjnLwIiZMsI4Hh91HhYxC0JlatNdNrVK2wkv4O9/Q=="
      },
      "System.Drawing.Common": {
        "type": "Transitive",
        "resolved": "4.5.1",
        "contentHash": "GiyeGi/v4xYDz1vCNFwFvhz9k1XddOG7VD3jxRqzRBCbTHji+s3HxxbxtoymuK4OadEpgotI8zQ5+GEEH9sUEQ==",
        "dependencies": {
          "Microsoft.NETCore.Platforms": "2.0.0",
          "Microsoft.Win32.SystemEvents": "4.5.0"
        }
      },
      "System.Numerics.Tensors": {
        "type": "Transitive",
        "resolved": "9.0.0",
        "contentHash": "hyJB4UlpAi19Xr9AXzu2NuagKC4lPfHObNMEAA0HmqFz2rX7wKgzeYzO/jM/eBHDhnUGFFEjk5cOoJaxqg5J4A=="
      },
      "zapic.powertoys.totp.core": {
        "type": "Project",
        "dependencies": {
          "Google.Protobuf": "[3.34.1, )",
          "Otp.NET": "[1.4.1, )"
        }
      }
    },
    "net9.0-windows10.0.22621/win-arm64": {
      "Microsoft.CommandPalette.Extensions": {
        "type": "Direct",
        "requested": "[0.9.260303001, )",
        "resolved": "0.9.260303001",
        "contentHash": "D7nGAJBkgd9dMUDHvaj19wdqsvV//oHZR94RDMoHa2WD1u7C9TYtgR2yxT+MDJ5CQMtOs1VRLL9pEFqiQXvuFA==",
        "dependencies": {
          "Microsoft.Windows.CsWinRT": "2.2.0"
        }
      },
      "Microsoft.Web.WebView2": {
        "type": "Transitive",
        "resolved": "1.0.3179.45",
        "contentHash": "3pokSH5CnN0G6rGhGFo1y87inxYhNxBQ2Vdf0wlvBj99KHxQJormjDACmqRnFeUsmuNFIhWwfAL1ztq7wD5qRA=="
      },
      "Microsoft.Win32.SystemEvents": {
        "type": "Transitive",
        "resolved": "4.5.0",
        "contentHash": "LuI1oG+24TUj1ZRQQjM5Ew73BKnZE5NZ/7eAdh1o8ST5dPhUnJvIkiIn2re3MwnkRy6ELRnvEbBxHP8uALKhJw==",
        "dependencies": {
          "Microsoft.NETCore.Platforms": "2.0.0"
        }
      },
      "Microsoft.WindowsAppSDK.Foundation": {
        "type": "Transitive",
        "resolved": "1.8.260222000",
        "contentHash": "6YkttVINPZJU1wN2Mp3W9jStVxtStfZ/i/VJfRnGd+vIpBTDyNPdG4xV3Vj6Kcn4VU72fKJFhNHg6nR5t8nqEg==",
        "dependencies": {
          "Microsoft.WindowsAppSDK.Base": "1.8.251216001",
          "Microsoft.WindowsAppSDK.InteractiveExperiences": "1.8.260125001"
        }
      },
      "System.Drawing.Common": {
        "type": "Transitive",
        "resolved": "4.5.1",
        "contentHash": "GiyeGi/v4xYDz1vCNFwFvhz9k1XddOG7VD3jxRqzRBCbTHji+s3HxxbxtoymuK4OadEpgotI8zQ5+GEEH9sUEQ==",
        "dependencies": {
          "Microsoft.NETCore.Platforms": "2.0.0",
          "Microsoft.Win32.SystemEvents": "4.5.0"
        }
      }
    },
    "net9.0-windows10.0.22621/win-x64": {
      "Microsoft.CommandPalette.Extensions": {
        "type": "Direct",
        "requested": "[0.9.260303001, )",
        "resolved": "0.9.260303001",
        "contentHash": "D7nGAJBkgd9dMUDHvaj19wdqsvV//oHZR94RDMoHa2WD1u7C9TYtgR2yxT+MDJ5CQMtOs1VRLL9pEFqiQXvuFA==",
        "dependencies": {
          "Microsoft.Windows.CsWinRT": "2.2.0"
        }
      },
      "Microsoft.Web.WebView2": {
        "type": "Transitive",
        "resolved": "1.0.3179.45",
        "contentHash": "3pokSH5CnN0G6rGhGFo1y87inxYhNxBQ2Vdf0wlvBj99KHxQJormjDACmqRnFeUsmuNFIhWwfAL1ztq7wD5qRA=="
      },
      "Microsoft.Win32.SystemEvents": {
        "type": "Transitive",
        "resolved": "4.5.0",
        "contentHash": "LuI1oG+24TUj1ZRQQjM5Ew73BKnZE5NZ/7eAdh1o8ST5dPhUnJvIkiIn2re3MwnkRy6ELRnvEbBxHP8uALKhJw==",
        "dependencies": {
          "Microsoft.NETCore.Platforms": "2.0.0"
        }
      },
      "Microsoft.WindowsAppSDK.Foundation": {
        "type": "Transitive",
        "resolved": "1.8.260222000",
        "contentHash": "6YkttVINPZJU1wN2Mp3W9jStVxtStfZ/i/VJfRnGd+vIpBTDyNPdG4xV3Vj6Kcn4VU72fKJFhNHg6nR5t8nqEg==",
        "dependencies": {
          "Microsoft.WindowsAppSDK.Base": "1.8.251216001",
          "Microsoft.WindowsAppSDK.InteractiveExperiences": "1.8.260125001"
        }
      },
      "System.Drawing.Common": {
        "type": "Transitive",
        "resolved": "4.5.1",
        "contentHash": "GiyeGi/v4xYDz1vCNFwFvhz9k1XddOG7VD3jxRqzRBCbTHji+s3HxxbxtoymuK4OadEpgotI8zQ5+GEEH9sUEQ==",
        "dependencies": {
          "Microsoft.NETCore.Platforms": "2.0.0",
          "Microsoft.Win32.SystemEvents": "4.5.0"
        }
      }
    }
  }
}